// !$*UTF8*$!
{
	archiveVersion = 1;
	classes = {
	};
	objectVersion = 46;
	objects = {

/* Begin PBXBuildFile section */
		AE4697571C98585C000C1DCB /* main.cpp in Sources */ = {isa = PBXBuildFile; fileRef = AE4697561C98585C000C1DCB /* main.cpp */; settings = {ASSET_TAGS = (); }; };
		AE46975C1C98597A000C1DCB /* Socket_yun.cpp in Sources */ = {isa = PBXBuildFile; fileRef = AE46975A1C98597A000C1DCB /* Socket_yun.cpp */; settings = {ASSET_TAGS = (); }; };
/* End PBXBuildFile section */

/* Begin PBXCopyFilesBuildPhase section */
		AE46974A1C9857E3000C1DCB /* CopyFiles */ = {
			isa = PBXCopyFilesBuildPhase;
			buildActionMask = 2147483647;
			dstPath = /usr/share/man/man1/;
			dstSubfolderSpec = 0;
			files = (
			);
			runOnlyForDeploymentPostprocessing = 1;
		};
/* End PBXCopyFilesBuildPhase section */

/* Begin PBXFileReference section */
		AE1083451C99A75200092BB6 /* Chat */ = {isa = PBXFileReference; lastKnownFileType = folder; path = Chat; sourceTree = SOURCE_ROOT; };
		AE1083461C99A76E00092BB6 /* Def.h */ = {isa = PBXFileReference; fileEncoding = 4; lastKnownFileType = sourcecode.c.h; path = Def.h; sourceTree = SOURCE_ROOT; };
		AE1083471C99A76E00092BB6 /* KProtocol.h */ = {isa = PBXFileReference; fileEncoding = 4; lastKnownFileType = sourcecode.c.h; path = KProtocol.h; sourceTree = SOURCE_ROOT; };
		AE1083481C99A76E00092BB6 /* KProtocolDef.h */ = {isa = PBXFileReference; fileEncoding = 4; lastKnownFileType = sourcecode.c.h; path = KProtocolDef.h; sourceTree = SOURCE_ROOT; };
		AE1083491C99A76E00092BB6 /* Platform.h */ = {isa = PBXFileReference; fileEncoding = 4; lastKnownFileType = sourcecode.c.h; path = Platform.h; sourceTree = SOURCE_ROOT; };
		AE46974C1C9857E3000C1DCB /* SocketChat */ = {isa = PBXFileReference; explicitFileType = "compiled.mach-o.executable"; includeInIndex = 0; path = SocketChat; sourceTree = BUILT_PRODUCTS_DIR; };
		AE4697561C98585C000C1DCB /* main.cpp */ = {isa = PBXFileReference; fileEncoding = 4; lastKnownFileType = sourcecode.cpp.cpp; path = main.cpp; sourceTree = SOURCE_ROOT; };
		AE46975A1C98597A000C1DCB /* Socket_yun.cpp */ = {isa = PBXFileReference; fileEncoding = 4; lastKnownFileType = sourcecode.cpp.cpp; name = Socket_yun.cpp; path = Socket/Socket_yun.cpp; sourceTree = SOURCE_ROOT; };
		AE46975B1C98597A000C1DCB /* Socket_yun.hpp */ = {isa = PBXFileReference; fileEncoding = 4; lastKnownFileType = sourcecode.cpp.h; name = Socket_yun.hpp; path = Socket/Socket_yun.hpp; sourceTree = SOURCE_ROOT; };
/* End PBXFileReference section */

/* Begin PBXFrameworksBuildPhase section */
		AE4697491C9857E3000C1DCB /* Frameworks */ = {
			isa = PBXFrameworksBuildPhase;
			buildActionMask = 2147483647;
			files = (
			);
			runOnlyForDeploymentPostprocessing = 0;
		};
/* End PBXFrameworksBuildPhase section */

/* Begin PBXGroup section */
		AE4697431C9857E3000C1DCB = {
			isa = PBXGroup;
			children = (
				AE46974E1C9857E3000C1DCB /* SocketChat */,
				AE46974D1C9857E3000C1DCB /* Products */,
			);
			sourceTree = "<group>";
		};
		AE46974D1C9857E3000C1DCB /* Products */ = {
			isa = PBXGroup;
			children = (
				AE46974C1C9857E3000C1DCB /* SocketChat */,
			);
			name = Products;
			sourceTree = "<group>";
		};
		AE46974E1C9857E3000C1DCB /* SocketChat */ = {
			isa = PBXGroup;
			children = (
				AE1083461C99A76E00092BB6 /* Def.h */,
				AE1083471C99A76E00092BB6 /* KProtocol.h */,
				AE1083481C99A76E00092BB6 /* KProtocolDef.h */,
				AE1083491C99A76E00092BB6 /* Platform.h */,
				AE1083451C99A75200092BB6 /* Chat */,
				AE4697581C9858EA000C1DCB /* Socket */,
				AE4697561C98585C000C1DCB /* main.cpp */,
			);
			path = SocketChat;
			sourceTree = "<group>";
		};
		AE4697581C9858EA000C1DCB /* Socket */ = {
			isa = PBXGroup;
			children = (
				AE46975A1C98597A000C1DCB /* Socket_yun.cpp */,
				AE46975B1C98597A000C1DCB /* Socket_yun.hpp */,
			);
			name = Socket;
			sourceTree = "<group>";
		};
/* End PBXGroup section */

/* Begin PBXNativeTarget section */
		AE46974B1C9857E3000C1DCB /* SocketChat */ = {
			isa = PBXNativeTarget;
			buildConfigurationList = AE4697531C9857E3000C1DCB /* Build configuration list for PBXNativeTarget "SocketChat" */;
			buildPhases = (
				AE4697481C9857E3000C1DCB /* Sources */,
				AE4697491C9857E3000C1DCB /* Frameworks */,
				AE46974A1C9857E3000C1DCB /* CopyFiles */,
			);
			buildRules = (
			);
			dependencies = (
			);
			name = SocketChat;
			productName = SocketChat;
			productReference = AE46974C1C9857E3000C1DCB /* SocketChat */;
			productType = "com.apple.product-type.tool";
		};
/* End PBXNativeTarget section */

/* Begin PBXProject section */
		AE4697441C9857E3000C1DCB /* Project object */ = {
			isa = PBXProject;
			attributes = {
				LastUpgradeCheck = 0700;
				ORGANIZATIONNAME = "曹国运";
				TargetAttributes = {
					AE46974B1C9857E3000C1DCB = {
						CreatedOnToolsVersion = 7.0;
					};
				};
			};
			buildConfigurationList = AE4697471C9857E3000C1DCB /* Build configuration list for PBXProject "SocketChat" */;
			compatibilityVersion = "Xcode 3.2";
			developmentRegion = English;
			hasScannedForEncodings = 0;
			knownRegions = (
				en,
			);
			mainGroup = AE4697431C9857E3000C1DCB;
			productRefGroup = AE46974D1C9857E3000C1DCB /* Products */;
			projectDirPath = "";
			projectRoot = "";
			targets = (
				AE46974B1C9857E3000C1DCB /* SocketChat */,
			);
		};
/* End PBXProject section */

/* Begin PBXSourcesBuildPhase section */
		AE4697481C9857E3000C1DCB /* Sources */ = {
			isa = PBXSourcesBuildPhase;
			buildActionMask = 2147483647;
			files = (
				AE4697571C98585C000C1DCB /* main.cpp in Sources */,
				AE46975C1C98597A000C1DCB /* Socket_yun.cpp in Sources */,
			);
			runOnlyForDeploymentPostprocessing = 0;
		};
/* End PBXSourcesBuildPhase section */

/* Begin XCBuildConfiguration section */
		AE4697511C9857E3000C1DCB /* Debug */ = {
			isa = XCBuildConfiguration;
			buildSettings = {
				ALWAYS_SEARCH_USER_PATHS = NO;
				CLANG_CXX_LANGUAGE_STANDARD = "gnu++0x";
				CLANG_CXX_LIBRARY = "libc++";
				CLANG_ENABLE_MODULES = YES;
				CLANG_ENABLE_OBJC_ARC = YES;
				CLANG_WARN_BOOL_CONVERSION = YES;
				CLANG_WARN_CONSTANT_CONVERSION = YES;
				CLANG_WARN_DIRECT_OBJC_ISA_USAGE = YES_ERROR;
				CLANG_WARN_EMPTY_BODY = YES;
				CLANG_WARN_ENUM_CONVERSION = YES;
				CLANG_WARN_INT_CONVERSION = YES;
				CLANG_WARN_OBJC_ROOT_CLASS = YES_ERROR;
				CLANG_WARN_UNREACHABLE_CODE = YES;
				CLANG_WARN__DUPLICATE_METHOD_MATCH = YES;
				COPY_PHASE_STRIP = NO;
				DEBUG_INFORMATION_FORMAT = dwarf;
				ENABLE_STRICT_OBJC_MSGSEND = YES;
				ENABLE_TESTABILITY = YES;
				GCC_C_LANGUAGE_STANDARD = gnu99;
				GCC_DYNAMIC_NO_PIC = NO;
				GCC_NO_COMMON_BLOCKS = YES;
				GCC_OPTIMIZATION_LEVEL = 0;
				GCC_PREPROCESSOR_DEFINITIONS = MacOSX;
				GCC_WARN_64_TO_32_BIT_CONVERSION = YES;
				GCC_WARN_ABOUT_RETURN_TYPE = YES_ERROR;
				GCC_WARN_UNDECLARED_SELECTOR = YES;
				GCC_WARN_UNINITIALIZED_AUTOS = YES_AGGRESSIVE;
				GCC_WARN_UNUSED_FUNCTION = YES;
				GCC_WARN_UNUSED_VARIABLE = YES;
				MACOSX_DEPLOYMENT_TARGET = 10.10;
				MTL_ENABLE_DEBUG_INFO = YES;
				ONLY_ACTIVE_ARCH = YES;
				SDKROOT = macosx;
			};
			name = Debug;
		};
		AE4697521C9857E3000C1DCB /* Release */ = {
			isa = XCBuildConfiguration;
			buildSettings = {
				ALWAYS_SEARCH_USER_PATHS = NO;
				CLANG_CXX_LANGUAGE_STANDARD = "gnu++0x";
				CLANG_CXX_LIBRARY = "libc++";
				CLANG_ENABLE_MODULES = YES;
				CLANG_ENABLE_OBJC_ARC = YES;
				CLANG_WARN_BOOL_CONVERSION = YES;
				CLANG_WARN_CONSTANT_CONVERSION = YES;
				CLANG_WARN_DIRECT_OBJC_ISA_USAGE = YES_ERROR;
				CLANG_WARN_EMPTY_BODY = YES;
				CLANG_WARN_ENUM_CONVERSION = YES;
				CLANG_WARN_INT_CONVERSION = YES;
				CLANG_WARN_OBJC_ROOT_CLASS = YES_ERROR;
				CLANG_WARN_UNREACHABLE_CODE = YES;
				CLANG_WARN__DUPLICATE_METHOD_MATCH = YES;
				COPY_PHASE_STRIP = NO;
				DEBUG_INFORMATION_FORMAT = "dwarf-with-dsym";
				ENABLE_NS_ASSERTIONS = NO;
				ENABLE_STRICT_OBJC_MSGSEND = YES;
				GCC_C_LANGUAGE_STANDARD = gnu99;
				GCC_NO_COMMON_BLOCKS = YES;
				GCC_PREPROCESSOR_DEFINITIONS = MacOSX;
				GCC_WARN_64_TO_32_BIT_CONVERSION = YES;
				GCC_WARN_ABOUT_RETURN_TYPE = YES_ERROR;
				GCC_WARN_UNDECLARED_SELECTOR = YES;
				GCC_WARN_UNINITIALIZED_AUTOS = YES_AGGRESSIVE;
				GCC_WARN_UNUSED_FUNCTION = YES;
				GCC_WARN_UNUSED_VARIABLE = YES;
				MACOSX_DEPLOYMENT_TARGET = 10.10;
				MTL_ENABLE_DEBUG_INFO = NO;
				SDKROOT = macosx;
			};
			name = Release;
		};
		AE4697541C9857E3000C1DCB /* Debug */ = {
			isa = XCBuildConfiguration;
			buildSettings = {
				PRODUCT_NAME = "$(TARGET_NAME)";
			};
			name = Debug;
		};
		AE4697551C9857E3000C1DCB /* Release */ = {
			isa = XCBuildConfiguration;
			buildSettings = {
				PRODUCT_NAME = "$(TARGET_NAME)";
			};
			name = Release;
		};
/* End XCBuildConfiguration section */

/* Begin XCConfigurationList section */
		AE4697471C9857E3000C1DCB /* Build configuration list for PBXProject "SocketChat" */ = {
			isa = XCConfigurationList;
			buildConfigurations = (
				AE4697511C9857E3000C1DCB /* Debug */,
				AE4697521C9857E3000C1DCB /* Release */,
			);
			defaultConfigurationIsVisible = 0;
			defaultConfigurationName = Release;
		};
		AE4697531C9857E3000C1DCB /* Build configuration list for PBXNativeTarget "SocketChat" */ = {
			isa = XCConfigurationList;
			buildConfigurations = (
				AE4697541C9857E3000C1DCB /* Debug */,
				AE4697551C9857E3000C1DCB /* Release */,
			);
			defaultConfigurationIsVisible = 0;
			defaultConfigurationName = Release;
		};
/* End XCConfigurationList section */
	};
	rootObject = AE4697441C9857E3000C1DCB /* Project object */;
}
